// !$*UTF8*$!
{
	archiveVersion = 1;
	classes = {
	};
	objectVersion = 56;
	objects = {

/* Begin PBXBuildFile section */
		A77D1C9B29E03E6800D985CF /* AppDelegate.swift in Sources */ = {isa = PBXBuildFile; fileRef = A77D1C9A29E03E6800D985CF /* AppDelegate.swift */; };
		A77D1C9D29E03E6800D985CF /* SceneDelegate.swift in Sources */ = {isa = PBXBuildFile; fileRef = A77D1C9C29E03E6800D985CF /* SceneDelegate.swift */; };
		A77D1C9F29E03E6800D985CF /* ViewController.swift in Sources */ = {isa = PBXBuildFile; fileRef = A77D1C9E29E03E6800D985CF /* ViewController.swift */; };
		A77D1CA229E03E6800D985CF /* Main.storyboard in Resources */ = {isa = PBXBuildFile; fileRef = A77D1CA029E03E6800D985CF /* Main.storyboard */; };
		A77D1CA429E03E6900D985CF /* Assets.xcassets in Resources */ = {isa = PBXBuildFile; fileRef = A77D1CA329E03E6900D985CF /* Assets.xcassets */; };
		A77D1CA729E03E6900D985CF /* LaunchScreen.storyboard in Resources */ = {isa = PBXBuildFile; fileRef = A77D1CA529E03E6900D985CF /* LaunchScreen.storyboard */; };
		A77D1CAF29E0B28E00D985CF /* HomeViewController.swift in Sources */ = {isa = PBXBuildFile; fileRef = A77D1CAE29E0B28E00D985CF /* HomeViewController.swift */; };
		A77D1CB129E0B2D600D985CF /* CollectionViewCell.swift in Sources */ = {isa = PBXBuildFile; fileRef = A77D1CB029E0B2D600D985CF /* CollectionViewCell.swift */; };
		A77D1CB329E0B2ED00D985CF /* TableViewCell.swift in Sources */ = {isa = PBXBuildFile; fileRef = A77D1CB229E0B2ED00D985CF /* TableViewCell.swift */; };
		A77D1CB629E0B8C700D985CF /* Movie.swift in Sources */ = {isa = PBXBuildFile; fileRef = A77D1CB529E0B8C700D985CF /* Movie.swift */; };
		A77D1CB929E0B94D00D985CF /* APICaller.swift in Sources */ = {isa = PBXBuildFile; fileRef = A77D1CB829E0B94D00D985CF /* APICaller.swift */; };
		A77D1CBC29E0BFC000D985CF /* SDWebImage in Frameworks */ = {isa = PBXBuildFile; productRef = A77D1CBB29E0BFC000D985CF /* SDWebImage */; };
		A77D1CBF29E0C27300D985CF /* MovieViewModel.swift in Sources */ = {isa = PBXBuildFile; fileRef = A77D1CBE29E0C27300D985CF /* MovieViewModel.swift */; };
		A77D1CC229E0CC2900D985CF /* PreviewViewController.swift in Sources */ = {isa = PBXBuildFile; fileRef = A77D1CC129E0CC2900D985CF /* PreviewViewController.swift */; };
		A77D1CC529E0D02800D985CF /* PreviewViewModel.swift in Sources */ = {isa = PBXBuildFile; fileRef = A77D1CC429E0D02800D985CF /* PreviewViewModel.swift */; };
		A77D1CC729E0D05900D985CF /* YoutubeSearchResponse.swift in Sources */ = {isa = PBXBuildFile; fileRef = A77D1CC629E0D05900D985CF /* YoutubeSearchResponse.swift */; };
		A7DA399B29E2F0310097F664 /* bg_video.mp4 in Resources */ = {isa = PBXBuildFile; fileRef = A7DA399A29E2F0310097F664 /* bg_video.mp4 */; };
/* End PBXBuildFile section */

/* Begin PBXFileReference section */
		A77D1C9729E03E6800D985CF /* MovieBox.app */ = {isa = PBXFileReference; explicitFileType = wrapper.application; includeInIndex = 0; path = MovieBox.app; sourceTree = BUILT_PRODUCTS_DIR; };
		A77D1C9A29E03E6800D985CF /* AppDelegate.swift */ = {isa = PBXFileReference; lastKnownFileType = sourcecode.swift; path = AppDelegate.swift; sourceTree = "<group>"; };
		A77D1C9C29E03E6800D985CF /* SceneDelegate.swift */ = {isa = PBXFileReference; lastKnownFileType = sourcecode.swift; path = SceneDelegate.swift; sourceTree = "<group>"; };
		A77D1C9E29E03E6800D985CF /* ViewController.swift */ = {isa = PBXFileReference; lastKnownFileType = sourcecode.swift; path = ViewController.swift; sourceTree = "<group>"; };
		A77D1CA129E03E6800D985CF /* Base */ = {isa = PBXFileReference; lastKnownFileType = file.storyboard; name = Base; path = Base.lproj/Main.storyboard; sourceTree = "<group>"; };
		A77D1CA329E03E6900D985CF /* Assets.xcassets */ = {isa = PBXFileReference; lastKnownFileType = folder.assetcatalog; path = Assets.xcassets; sourceTree = "<group>"; };
		A77D1CA629E03E6900D985CF /* Base */ = {isa = PBXFileReference; lastKnownFileType = file.storyboard; name = Base; path = Base.lproj/LaunchScreen.storyboard; sourceTree = "<group>"; };
		A77D1CA829E03E6900D985CF /* Info.plist */ = {isa = PBXFileReference; lastKnownFileType = text.plist.xml; path = Info.plist; sourceTree = "<group>"; };
		A77D1CAE29E0B28E00D985CF /* HomeViewController.swift */ = {isa = PBXFileReference; lastKnownFileType = sourcecode.swift; path = HomeViewController.swift; sourceTree = "<group>"; };
		A77D1CB029E0B2D600D985CF /* CollectionViewCell.swift */ = {isa = PBXFileReference; lastKnownFileType = sourcecode.swift; path = CollectionViewCell.swift; sourceTree = "<group>"; };
		A77D1CB229E0B2ED00D985CF /* TableViewCell.swift */ = {isa = PBXFileReference; lastKnownFileType = sourcecode.swift; path = TableViewCell.swift; sourceTree = "<group>"; };
		A77D1CB529E0B8C700D985CF /* Movie.swift */ = {isa = PBXFileReference; lastKnownFileType = sourcecode.swift; path = Movie.swift; sourceTree = "<group>"; };
		A77D1CB829E0B94D00D985CF /* APICaller.swift */ = {isa = PBXFileReference; lastKnownFileType = sourcecode.swift; path = APICaller.swift; sourceTree = "<group>"; };
		A77D1CBE29E0C27300D985CF /* MovieViewModel.swift */ = {isa = PBXFileReference; lastKnownFileType = sourcecode.swift; path = MovieViewModel.swift; sourceTree = "<group>"; };
		A77D1CC129E0CC2900D985CF /* PreviewViewController.swift */ = {isa = PBXFileReference; lastKnownFileType = sourcecode.swift; path = PreviewViewController.swift; sourceTree = "<group>"; };
		A77D1CC429E0D02800D985CF /* PreviewViewModel.swift */ = {isa = PBXFileReference; lastKnownFileType = sourcecode.swift; path = PreviewViewModel.swift; sourceTree = "<group>"; };
		A77D1CC629E0D05900D985CF /* YoutubeSearchResponse.swift */ = {isa = PBXFileReference; lastKnownFileType = sourcecode.swift; path = YoutubeSearchResponse.swift; sourceTree = "<group>"; };
		A7DA399A29E2F0310097F664 /* bg_video.mp4 */ = {isa = PBXFileReference; lastKnownFileType = file; path = bg_video.mp4; sourceTree = "<group>"; };
/* End PBXFileReference section */

/* Begin PBXFrameworksBuildPhase section */
		A77D1C9429E03E6800D985CF /* Frameworks */ = {
			isa = PBXFrameworksBuildPhase;
			buildActionMask = 2147483647;
			files = (
				A77D1CBC29E0BFC000D985CF /* SDWebImage in Frameworks */,
			);
			runOnlyForDeploymentPostprocessing = 0;
		};
/* End PBXFrameworksBuildPhase section */

/* Begin PBXGroup section */
		A77D1C8E29E03E6700D985CF = {
			isa = PBXGroup;
			children = (
				A77D1C9929E03E6800D985CF /* MovieBox */,
				A77D1C9829E03E6800D985CF /* Products */,
			);
			sourceTree = "<group>";
		};
		A77D1C9829E03E6800D985CF /* Products */ = {
			isa = PBXGroup;
			children = (
				A77D1C9729E03E6800D985CF /* MovieBox.app */,
			);
			name = Products;
			sourceTree = "<group>";
		};
		A77D1C9929E03E6800D985CF /* MovieBox */ = {
			isa = PBXGroup;
			children = (
				A7DA399C29E2F7950097F664 /* assets */,
				A77D1CB429E0B8AB00D985CF /* Models */,
				A77D1CC329E0CC8600D985CF /* Views */,
				A77D1CBD29E0C25800D985CF /* ViewModels */,
				A77D1CC029E0CC0900D985CF /* Controllers */,
				A77D1CB729E0B94100D985CF /* Managers */,
				A77D1C9A29E03E6800D985CF /* AppDelegate.swift */,
				A77D1C9C29E03E6800D985CF /* SceneDelegate.swift */,
				A77D1CA029E03E6800D985CF /* Main.storyboard */,
				A77D1CA329E03E6900D985CF /* Assets.xcassets */,
				A77D1CA529E03E6900D985CF /* LaunchScreen.storyboard */,
				A77D1CA829E03E6900D985CF /* Info.plist */,
			);
			path = MovieBox;
			sourceTree = "<group>";
		};
		A77D1CB429E0B8AB00D985CF /* Models */ = {
			isa = PBXGroup;
			children = (
				A77D1CB529E0B8C700D985CF /* Movie.swift */,
				A77D1CC629E0D05900D985CF /* YoutubeSearchResponse.swift */,
			);
			path = Models;
			sourceTree = "<group>";
		};
		A77D1CB729E0B94100D985CF /* Managers */ = {
			isa = PBXGroup;
			children = (
				A77D1CB829E0B94D00D985CF /* APICaller.swift */,
			);
			path = Managers;
			sourceTree = "<group>";
		};
		A77D1CBD29E0C25800D985CF /* ViewModels */ = {
			isa = PBXGroup;
			children = (
				A77D1CBE29E0C27300D985CF /* MovieViewModel.swift */,
				A77D1CC429E0D02800D985CF /* PreviewViewModel.swift */,
			);
			path = ViewModels;
			sourceTree = "<group>";
		};
		A77D1CC029E0CC0900D985CF /* Controllers */ = {
			isa = PBXGroup;
			children = (
				A77D1C9E29E03E6800D985CF /* ViewController.swift */,
				A77D1CAE29E0B28E00D985CF /* HomeViewController.swift */,
				A77D1CC129E0CC2900D985CF /* PreviewViewController.swift */,
			);
			path = Controllers;
			sourceTree = "<group>";
		};
		A77D1CC329E0CC8600D985CF /* Views */ = {
			isa = PBXGroup;
			children = (
				A77D1CB029E0B2D600D985CF /* CollectionViewCell.swift */,
				A77D1CB229E0B2ED00D985CF /* TableViewCell.swift */,
			);
			path = Views;
			sourceTree = "<group>";
		};
		A7DA399C29E2F7950097F664 /* assets */ = {
			isa = PBXGroup;
			children = (
				A7DA399A29E2F0310097F664 /* bg_video.mp4 */,
			);
			path = assets;
			sourceTree = "<group>";
		};
/* End PBXGroup section */

/* Begin PBXNativeTarget section */
		A77D1C9629E03E6800D985CF /* MovieBox */ = {
			isa = PBXNativeTarget;
			buildConfigurationList = A77D1CAB29E03E6900D985CF /* Build configuration list for PBXNativeTarget "MovieBox" */;
			buildPhases = (
				A77D1C9329E03E6800D985CF /* Sources */,
				A77D1C9429E03E6800D985CF /* Frameworks */,
				A77D1C9529E03E6800D985CF /* Resources */,
			);
			buildRules = (
			);
			dependencies = (
			);
			name = MovieBox;
			packageProductDependencies = (
				A77D1CBB29E0BFC000D985CF /* SDWebImage */,
			);
			productName = MovieBox;
			productReference = A77D1C9729E03E6800D985CF /* MovieBox.app */;
			productType = "com.apple.product-type.application";
		};
/* End PBXNativeTarget section */

/* Begin PBXProject section */
		A77D1C8F29E03E6700D985CF /* Project object */ = {
			isa = PBXProject;
			attributes = {
				BuildIndependentTargetsInParallel = 1;
				LastSwiftUpdateCheck = 1430;
				LastUpgradeCheck = 1430;
				TargetAttributes = {
					A77D1C9629E03E6800D985CF = {
						CreatedOnToolsVersion = 14.3;
					};
				};
			};
			buildConfigurationList = A77D1C9229E03E6700D985CF /* Build configuration list for PBXProject "MovieBox" */;
			compatibilityVersion = "Xcode 14.0";
			developmentRegion = en;
			hasScannedForEncodings = 0;
			knownRegions = (
				en,
				Base,
			);
			mainGroup = A77D1C8E29E03E6700D985CF;
			packageReferences = (
				A77D1CBA29E0BFC000D985CF /* XCRemoteSwiftPackageReference "SDWebImage" */,
			);
			productRefGroup = A77D1C9829E03E6800D985CF /* Products */;
			projectDirPath = "";
			projectRoot = "";
			targets = (
				A77D1C9629E03E6800D985CF /* MovieBox */,
			);
		};
/* End PBXProject section */

/* Begin PBXResourcesBuildPhase section */
		A77D1C9529E03E6800D985CF /* Resources */ = {
			isa = PBXResourcesBuildPhase;
			buildActionMask = 2147483647;
			files = (
				A77D1CA729E03E6900D985CF /* LaunchScreen.storyboard in Resources */,
				A77D1CA429E03E6900D985CF /* Assets.xcassets in Resources */,
				A7DA399B29E2F0310097F664 /* bg_video.mp4 in Resources */,
				A77D1CA229E03E6800D985CF /* Main.storyboard in Resources */,
			);
			runOnlyForDeploymentPostprocessing = 0;
		};
/* End PBXResourcesBuildPhase section */

/* Begin PBXSourcesBuildPhase section */
		A77D1C9329E03E6800D985CF /* Sources */ = {
			isa = PBXSourcesBuildPhase;
			buildActionMask = 2147483647;
			files = (
				A77D1CC729E0D05900D985CF /* YoutubeSearchResponse.swift in Sources */,
				A77D1CB629E0B8C700D985CF /* Movie.swift in Sources */,
				A77D1CC529E0D02800D985CF /* PreviewViewModel.swift in Sources */,
				A77D1CB129E0B2D600D985CF /* CollectionViewCell.swift in Sources */,
				A77D1C9F29E03E6800D985CF /* ViewController.swift in Sources */,
				A77D1CC229E0CC2900D985CF /* PreviewViewController.swift in Sources */,
				A77D1C9B29E03E6800D985CF /* AppDelegate.swift in Sources */,
				A77D1CB329E0B2ED00D985CF /* TableViewCell.swift in Sources */,
				A77D1CBF29E0C27300D985CF /* MovieViewModel.swift in Sources */,
				A77D1C9D29E03E6800D985CF /* SceneDelegate.swift in Sources */,
				A77D1CAF29E0B28E00D985CF /* HomeViewController.swift in Sources */,
				A77D1CB929E0B94D00D985CF /* APICaller.swift in Sources */,
			);
			runOnlyForDeploymentPostprocessing = 0;
		};
/* End PBXSourcesBuildPhase section */

/* Begin PBXVariantGroup section */
		A77D1CA029E03E6800D985CF /* Main.storyboard */ = {
			isa = PBXVariantGroup;
			children = (
				A77D1CA129E03E6800D985CF /* Base */,
			);
			name = Main.storyboard;
			sourceTree = "<group>";
		};
		A77D1CA529E03E6900D985CF /* LaunchScreen.storyboard */ = {
			isa = PBXVariantGroup;
			children = (
				A77D1CA629E03E6900D985CF /* Base */,
			);
			name = LaunchScreen.storyboard;
			sourceTree = "<group>";
		};
/* End PBXVariantGroup section */

/* Begin XCBuildConfiguration section */
		A77D1CA929E03E6900D985CF /* Debug */ = {
			isa = XCBuildConfiguration;
			buildSettings = {
				ALWAYS_SEARCH_USER_PATHS = NO;
				CLANG_ANALYZER_NONNULL = YES;
				CLANG_ANALYZER_NUMBER_OBJECT_CONVERSION = YES_AGGRESSIVE;
				CLANG_CXX_LANGUAGE_STANDARD = "gnu++20";
				CLANG_ENABLE_MODULES = YES;
				CLANG_ENABLE_OBJC_ARC = YES;
				CLANG_ENABLE_OBJC_WEAK = YES;
				CLANG_WARN_BLOCK_CAPTURE_AUTORELEASING = YES;
				CLANG_WARN_BOOL_CONVERSION = YES;
				CLANG_WARN_COMMA = YES;
				CLANG_WARN_CONSTANT_CONVERSION = YES;
				CLANG_WARN_DEPRECATED_OBJC_IMPLEMENTATIONS = YES;
				CLANG_WARN_DIRECT_OBJC_ISA_USAGE = YES_ERROR;
				CLANG_WARN_DOCUMENTATION_COMMENTS = YES;
				CLANG_WARN_EMPTY_BODY = YES;
				CLANG_WARN_ENUM_CONVERSION = YES;
				CLANG_WARN_INFINITE_RECURSION = YES;
				CLANG_WARN_INT_CONVERSION = YES;
				CLANG_WARN_NON_LITERAL_NULL_CONVERSION = YES;
				CLANG_WARN_OBJC_IMPLICIT_RETAIN_SELF = YES;
				CLANG_WARN_OBJC_LITERAL_CONVERSION = YES;
				CLANG_WARN_OBJC_ROOT_CLASS = YES_ERROR;
				CLANG_WARN_QUOTED_INCLUDE_IN_FRAMEWORK_HEADER = YES;
				CLANG_WARN_RANGE_LOOP_ANALYSIS = YES;
				CLANG_WARN_STRICT_PROTOTYPES = YES;
				CLANG_WARN_SUSPICIOUS_MOVE = YES;
				CLANG_WARN_UNGUARDED_AVAILABILITY = YES_AGGRESSIVE;
				CLANG_WARN_UNREACHABLE_CODE = YES;
				CLANG_WARN__DUPLICATE_METHOD_MATCH = YES;
				COPY_PHASE_STRIP = NO;
				DEBUG_INFORMATION_FORMAT = dwarf;
				ENABLE_STRICT_OBJC_MSGSEND = YES;
				ENABLE_TESTABILITY = YES;
				GCC_C_LANGUAGE_STANDARD = gnu11;
				GCC_DYNAMIC_NO_PIC = NO;
				GCC_NO_COMMON_BLOCKS = YES;
				GCC_OPTIMIZATION_LEVEL = 0;
				GCC_PREPROCESSOR_DEFINITIONS = (
					"DEBUG=1",
					"$(inherited)",
				);
				GCC_WARN_64_TO_32_BIT_CONVERSION = YES;
				GCC_WARN_ABOUT_RETURN_TYPE = YES_ERROR;
				GCC_WARN_UNDECLARED_SELECTOR = YES;
				GCC_WARN_UNINITIALIZED_AUTOS = YES_AGGRESSIVE;
				GCC_WARN_UNUSED_FUNCTION = YES;
				GCC_WARN_UNUSED_VARIABLE = YES;
				IPHONEOS_DEPLOYMENT_TARGET = 16.4;
				MTL_ENABLE_DEBUG_INFO = INCLUDE_SOURCE;
				MTL_FAST_MATH = YES;
				ONLY_ACTIVE_ARCH = YES;
				SDKROOT = iphoneos;
				SWIFT_ACTIVE_COMPILATION_CONDITIONS = DEBUG;
				SWIFT_OPTIMIZATION_LEVEL = "-Onone";
			};
			name = Debug;
		};
		A77D1CAA29E03E6900D985CF /* Release */ = {
			isa = XCBuildConfiguration;
			buildSettings = {
				ALWAYS_SEARCH_USER_PATHS = NO;
				CLANG_ANALYZER_NONNULL = YES;
				CLANG_ANALYZER_NUMBER_OBJECT_CONVERSION = YES_AGGRESSIVE;
				CLANG_CXX_LANGUAGE_STANDARD = "gnu++20";
				CLANG_ENABLE_MODULES = YES;
				CLANG_ENABLE_OBJC_ARC = YES;
				CLANG_ENABLE_OBJC_WEAK = YES;
				CLANG_WARN_BLOCK_CAPTURE_AUTORELEASING = YES;
				CLANG_WARN_BOOL_CONVERSION = YES;
				CLANG_WARN_COMMA = YES;
				CLANG_WARN_CONSTANT_CONVERSION = YES;
				CLANG_WARN_DEPRECATED_OBJC_IMPLEMENTATIONS = YES;
				CLANG_WARN_DIRECT_OBJC_ISA_USAGE = YES_ERROR;
				CLANG_WARN_DOCUMENTATION_COMMENTS = YES;
				CLANG_WARN_EMPTY_BODY = YES;
				CLANG_WARN_ENUM_CONVERSION = YES;
				CLANG_WARN_INFINITE_RECURSION = YES;
				CLANG_WARN_INT_CONVERSION = YES;
				CLANG_WARN_NON_LITERAL_NULL_CONVERSION = YES;
				CLANG_WARN_OBJC_IMPLICIT_RETAIN_SELF = YES;
				CLANG_WARN_OBJC_LITERAL_CONVERSION = YES;
				CLANG_WARN_OBJC_ROOT_CLASS = YES_ERROR;
				CLANG_WARN_QUOTED_INCLUDE_IN_FRAMEWORK_HEADER = YES;
				CLANG_WARN_RANGE_LOOP_ANALYSIS = YES;
				CLANG_WARN_STRICT_PROTOTYPES = YES;
				CLANG_WARN_SUSPICIOUS_MOVE = YES;
				CLANG_WARN_UNGUARDED_AVAILABILITY = YES_AGGRESSIVE;
				CLANG_WARN_UNREACHABLE_CODE = YES;
				CLANG_WARN__DUPLICATE_METHOD_MATCH = YES;
				COPY_PHASE_STRIP = NO;
				DEBUG_INFORMATION_FORMAT = "dwarf-with-dsym";
				ENABLE_NS_ASSERTIONS = NO;
				ENABLE_STRICT_OBJC_MSGSEND = YES;
				GCC_C_LANGUAGE_STANDARD = gnu11;
				GCC_NO_COMMON_BLOCKS = YES;
				GCC_WARN_64_TO_32_BIT_CONVERSION = YES;
				GCC_WARN_ABOUT_RETURN_TYPE = YES_ERROR;
				GCC_WARN_UNDECLARED_SELECTOR = YES;
				GCC_WARN_UNINITIALIZED_AUTOS = YES_AGGRESSIVE;
				GCC_WARN_UNUSED_FUNCTION = YES;
				GCC_WARN_UNUSED_VARIABLE = YES;
				IPHONEOS_DEPLOYMENT_TARGET = 16.4;
				MTL_ENABLE_DEBUG_INFO = NO;
				MTL_FAST_MATH = YES;
				SDKROOT = iphoneos;
				SWIFT_COMPILATION_MODE = wholemodule;
				SWIFT_OPTIMIZATION_LEVEL = "-O";
				VALIDATE_PRODUCT = YES;
			};
			name = Release;
		};
		A77D1CAC29E03E6900D985CF /* Debug */ = {
			isa = XCBuildConfiguration;
			buildSettings = {
				ASSETCATALOG_COMPILER_APPICON_NAME = AppIcon;
				ASSETCATALOG_COMPILER_GLOBAL_ACCENT_COLOR_NAME = AccentColor;
				CODE_SIGN_STYLE = Automatic;
				CURRENT_PROJECT_VERSION = 1;
				DEVELOPMENT_TEAM = 797QNFM93J;
				GENERATE_INFOPLIST_FILE = YES;
				INFOPLIST_FILE = MovieBox/Info.plist;
				INFOPLIST_KEY_UIApplicationSupportsIndirectInputEvents = YES;
				INFOPLIST_KEY_UILaunchStoryboardName = LaunchScreen;
				INFOPLIST_KEY_UIMainStoryboardFile = Main;
				INFOPLIST_KEY_UISupportedInterfaceOrientations_iPad = "UIInterfaceOrientationPortrait UIInterfaceOrientationPortraitUpsideDown UIInterfaceOrientationLandscapeLeft UIInterfaceOrientationLandscapeRight";
				INFOPLIST_KEY_UISupportedInterfaceOrientations_iPhone = "UIInterfaceOrientationPortrait UIInterfaceOrientationLandscapeLeft UIInterfaceOrientationLandscapeRight";
				LD_RUNPATH_SEARCH_PATHS = (
					"$(inherited)",
					"@executable_path/Frameworks",
				);
				MARKETING_VERSION = 1.0;
				PRODUCT_BUNDLE_IDENTIFIER = com.aslihangurkan.MovieBox;
				PRODUCT_NAME = "$(TARGET_NAME)";
				SWIFT_EMIT_LOC_STRINGS = YES;
				SWIFT_VERSION = 5.0;
				TARGETED_DEVICE_FAMILY = "1,2";
			};
			name = Debug;
		};
		A77D1CAD29E03E6900D985CF /* Release */ = {
			isa = XCBuildConfiguration;
			buildSettings = {
				ASSETCATALOG_COMPILER_APPICON_NAME = AppIcon;
				ASSETCATALOG_COMPILER_GLOBAL_ACCENT_COLOR_NAME = AccentColor;
				CODE_SIGN_STYLE = Automatic;
				CURRENT_PROJECT_VERSION = 1;
				DEVELOPMENT_TEAM = 797QNFM93J;
				GENERATE_INFOPLIST_FILE = YES;
				INFOPLIST_FILE = MovieBox/Info.plist;
				INFOPLIST_KEY_UIApplicationSupportsIndirectInputEvents = YES;
				INFOPLIST_KEY_UILaunchStoryboardName = LaunchScreen;
				INFOPLIST_KEY_UIMainStoryboardFile = Main;
				INFOPLIST_KEY_UISupportedInterfaceOrientations_iPad = "UIInterfaceOrientationPortrait UIInterfaceOrientationPortraitUpsideDown UIInterfaceOrientationLandscapeLeft UIInterfaceOrientationLandscapeRight";
				INFOPLIST_KEY_UISupportedInterfaceOrientations_iPhone = "UIInterfaceOrientationPortrait UIInterfaceOrientationLandscapeLeft UIInterfaceOrientationLandscapeRight";
				LD_RUNPATH_SEARCH_PATHS = (
					"$(inherited)",
					"@executable_path/Frameworks",
				);
				MARKETING_VERSION = 1.0;
				PRODUCT_BUNDLE_IDENTIFIER = com.aslihangurkan.MovieBox;
				PRODUCT_NAME = "$(TARGET_NAME)";
				SWIFT_EMIT_LOC_STRINGS = YES;
				SWIFT_VERSION = 5.0;
				TARGETED_DEVICE_FAMILY = "1,2";
			};
			name = Release;
		};
/* End XCBuildConfiguration section */

/* Begin XCConfigurationList section */
		A77D1C9229E03E6700D985CF /* Build configuration list for PBXProject "MovieBox" */ = {
			isa = XCConfigurationList;
			buildConfigurations = (
				A77D1CA929E03E6900D985CF /* Debug */,
				A77D1CAA29E03E6900D985CF /* Release */,
			);
			defaultConfigurationIsVisible = 0;
			defaultConfigurationName = Release;
		};
		A77D1CAB29E03E6900D985CF /* Build configuration list for PBXNativeTarget "MovieBox" */ = {
			isa = XCConfigurationList;
			buildConfigurations = (
				A77D1CAC29E03E6900D985CF /* Debug */,
				A77D1CAD29E03E6900D985CF /* Release */,
			);
			defaultConfigurationIsVisible = 0;
			defaultConfigurationName = Release;
		};
/* End XCConfigurationList section */

/* Begin XCRemoteSwiftPackageReference section */
		A77D1CBA29E0BFC000D985CF /* XCRemoteSwiftPackageReference "SDWebImage" */ = {
			isa = XCRemoteSwiftPackageReference;
			repositoryURL = "https://github.com/SDWebImage/SDWebImage.git";
			requirement = {
				kind = upToNextMajorVersion;
				minimumVersion = 5.0.0;
			};
		};
/* End XCRemoteSwiftPackageReference section */

/* Begin XCSwiftPackageProductDependency section */
		A77D1CBB29E0BFC000D985CF /* SDWebImage */ = {
			isa = XCSwiftPackageProductDependency;
			package = A77D1CBA29E0BFC000D985CF /* XCRemoteSwiftPackageReference "SDWebImage" */;
			productName = SDWebImage;
		};
/* End XCSwiftPackageProductDependency section */
	};
	rootObject = A77D1C8F29E03E6700D985CF /* Project object */;
}
